{
  "name": "tld-config-gen",
  "version": "1.0.0",
  "lockfileVersion": 3,
  "requires": true,
  "packages": {
    "": {
      "name": "tld-config-gen",
      "version": "1.0.0",
      "dependencies": {
        "@ensdomains/address-encoder": "^0.2.22",
        "crypto-js": "^4.2.0",
        "ethers": "^6.9.2",
        "fs": "^0.0.1-security",
        "js-yaml": "^4.1.0",
        "path": "^0.12.7",
        "simple-git": "^3.25.0",
        "web3": "^4.3.0"
      }
    },
    "node_modules/@adraffy/ens-normalize": {
      "version": "1.10.0",
      "resolved": "https://registry.npmmirror.com/@adraffy/ens-normalize/-/ens-normalize-1.10.0.tgz",
      "integrity": "sha512-nA9XHtlAkYfJxY7bce8DcN7eKxWWCWkU+1GR9d+U6MbNpfwQp8TI7vqOsBsMcHoT4mBu2kypKoSKnghEzOOq5Q=="
    },
    "node_modules/@ensdomains/address-encoder": {
      "version": "0.2.22",
      "resolved": "https://registry.npmmirror.com/@ensdomains/address-encoder/-/address-encoder-0.2.22.tgz",
      "integrity": "sha512-4it+XDvf0U0vLFECLi4oXFBhelz1I/Mo9AWVgS3zry3tMPUFBzM+a27ndNCPZk+glaQiY+R2GOIa3tYOypK29g==",
      "dependencies": {
        "bech32": "^2.0.0",
        "blakejs": "^1.1.0",
        "bn.js": "^4.11.8",
        "bs58": "^4.0.1",
        "crypto-addr-codec": "^0.1.8",
        "js-crc": "^0.2.0",
        "js-sha256": "^0.9.0",
        "js-sha512": "^0.8.0",
        "nano-base32": "^1.0.1",
        "ripemd160": "^2.0.2",
        "sha3": "^2.1.3"
      }
    },
    "node_modules/@ethereumjs/rlp": {
      "version": "4.0.1",
      "resolved": "https://registry.npmmirror.com/@ethereumjs/rlp/-/rlp-4.0.1.tgz",
      "integrity": "sha512-tqsQiBQDQdmPWE1xkkBq4rlSW5QZpLOUJ5RJh2/9fug+q9tnUhuZoVLk7s0scUIKTOzEtR72DFBXI4WiZcMpvw==",
      "bin": {
        "rlp": "bin/rlp"
      },
      "engines": {
        "node": ">=14"
      }
    },
    "node_modules/@kwsites/file-exists": {
      "version": "1.1.1",
      "resolved": "https://registry.npmmirror.com/@kwsites/file-exists/-/file-exists-1.1.1.tgz",
      "integrity": "sha512-m9/5YGR18lIwxSFDwfE3oA7bWuq9kdau6ugN4H2rJeyhFQZcG9AgSHkQtSD15a8WvTgfz9aikZMrKPHvbpqFiw==",
      "dependencies": {
        "debug": "^4.1.1"
      }
    },
    "node_modules/@kwsites/promise-deferred": {
      "version": "1.1.1",
      "resolved": "https://registry.npmmirror.com/@kwsites/promise-deferred/-/promise-deferred-1.1.1.tgz",
      "integrity": "sha512-GaHYm+c0O9MjZRu0ongGBRbinu8gVAMd2UZjji6jVmqKtZluZnptXGWhz1E8j8D2HJ3f/yMxKAUC0b+57wncIw=="
    },
    "node_modules/@noble/curves": {
      "version": "1.1.0",
      "resolved": "https://registry.npmmirror.com/@noble/curves/-/curves-1.1.0.tgz",
      "integrity": "sha512-091oBExgENk/kGj3AZmtBDMpxQPDtxQABR2B9lb1JbVTs6ytdzZNwvhxQ4MWasRNEzlbEH8jCWFCwhF/Obj5AA==",
      "dependencies": {
        "@noble/hashes": "1.3.1"
      }
    },
    "node_modules/@noble/hashes": {
      "version": "1.3.1",
      "resolved": "https://registry.npmmirror.com/@noble/hashes/-/hashes-1.3.1.tgz",
      "integrity": "sha512-EbqwksQwz9xDRGfDST86whPBgM65E0OH/pCgqW0GBVzO22bNE+NuIbeTb714+IfSjU3aRk47EUvXIb5bTsenKA==",
      "engines": {
        "node": ">= 16"
      }
    },
    "node_modules/@scure/base": {
      "version": "1.1.5",
      "resolved": "https://registry.npmmirror.com/@scure/base/-/base-1.1.5.tgz",
      "integrity": "sha512-Brj9FiG2W1MRQSTB212YVPRrcbjkv48FoZi/u4l/zds/ieRrqsh7aUf6CLwkAq61oKXr/ZlTzlY66gLIj3TFTQ=="
    },
    "node_modules/@scure/bip32": {
      "version": "1.3.1",
      "resolved": "https://registry.npmmirror.com/@scure/bip32/-/bip32-1.3.1.tgz",
      "integrity": "sha512-osvveYtyzdEVbt3OfwwXFr4P2iVBL5u1Q3q4ONBfDY/UpOuXmOlbgwc1xECEboY8wIays8Yt6onaWMUdUbfl0A==",
      "dependencies": {
        "@noble/curves": "~1.1.0",
        "@noble/hashes": "~1.3.1",
        "@scure/base": "~1.1.0"
      }
    },
    "node_modules/@scure/bip39": {
      "version": "1.2.1",
      "resolved": "https://registry.npmmirror.com/@scure/bip39/-/bip39-1.2.1.tgz",
      "integrity": "sha512-Z3/Fsz1yr904dduJD0NpiyRHhRYHdcnyh73FZWiV+/qhWi83wNJ3NWolYqCEN+ZWsUz2TWwajJggcRE9r1zUYg==",
      "dependencies": {
        "@noble/hashes": "~1.3.0",
        "@scure/base": "~1.1.0"
      }
    },
    "node_modules/@types/node": {
      "version": "20.10.7",
      "resolved": "https://registry.npmmirror.com/@types/node/-/node-20.10.7.tgz",
      "integrity": "sha512-fRbIKb8C/Y2lXxB5eVMj4IU7xpdox0Lh8bUPEdtLysaylsml1hOOx1+STloRs/B9nf7C6kPRmmg/V7aQW7usNg==",
      "dependencies": {
        "undici-types": "~5.26.4"
      }
    },
    "node_modules/@types/ws": {
      "version": "8.5.3",
      "resolved": "https://registry.npmmirror.com/@types/ws/-/ws-8.5.3.tgz",
      "integrity": "sha512-6YOoWjruKj1uLf3INHH7D3qTXwFfEsg1kf3c0uDdSBJwfa/llkwIjrAGV7j7mVgGNbzTQ3HiHKKDXl6bJPD97w==",
      "dependencies": {
        "@types/node": "*"
      }
    },
    "node_modules/abitype": {
      "version": "0.7.1",
      "resolved": "https://registry.npmmirror.com/abitype/-/abitype-0.7.1.tgz",
      "integrity": "sha512-VBkRHTDZf9Myaek/dO3yMmOzB/y2s3Zo6nVU7yaw1G+TvCHAjwaJzNGN9yo4K5D8bU/VZXKP1EJpRhFr862PlQ==",
      "peerDependencies": {
        "typescript": ">=4.9.4",
        "zod": "^3 >=3.19.1"
      },
      "peerDependenciesMeta": {
        "zod": {
          "optional": true
        }
      }
    },
    "node_modules/aes-js": {
      "version": "4.0.0-beta.5",
      "resolved": "https://registry.npmmirror.com/aes-js/-/aes-js-4.0.0-beta.5.tgz",
      "integrity": "sha512-G965FqalsNyrPqgEGON7nIx1e/OVENSgiEIzyC63haUMuvNnwIgIjMs52hlTCKhkBny7A2ORNlfY9Zu+jmGk1Q=="
    },
    "node_modules/argparse": {
      "version": "2.0.1",
      "resolved": "https://registry.npmmirror.com/argparse/-/argparse-2.0.1.tgz",
      "integrity": "sha512-8+9WqebbFzpX9OR+Wa6O29asIogeRMzcGtAINdpMHHyAg10f05aSFVBbcEqGf/PXw1EjAZ+q2/bEBg3DvurK3Q=="
    },
    "node_modules/available-typed-arrays": {
      "version": "1.0.5",
      "resolved": "https://registry.npmmirror.com/available-typed-arrays/-/available-typed-arrays-1.0.5.tgz",
      "integrity": "sha512-DMD0KiN46eipeziST1LPP/STfDU0sufISXmjSgvVsoU2tqxctQeASejWcfNtxYKqETM1UxQ8sp2OrSBWpHY6sw==",
      "engines": {
        "node": ">= 0.4"
      }
    },
    "node_modules/base-x": {
      "version": "3.0.9",
      "resolved": "https://registry.npmmirror.com/base-x/-/base-x-3.0.9.tgz",
      "integrity": "sha512-H7JU6iBHTal1gp56aKoaa//YUxEaAOUiydvrV/pILqIHXTtqxSkATOnDA2u+jZ/61sD+L/412+7kzXRtWukhpQ==",
      "dependencies": {
        "safe-buffer": "^5.0.1"
      }
    },
    "node_modules/base64-js": {
      "version": "1.5.1",
      "resolved": "https://registry.npmmirror.com/base64-js/-/base64-js-1.5.1.tgz",
      "integrity": "sha512-AKpaYlHn8t4SVbOHCy+b5+KKgvR4vrsD8vbvrbiQJps7fKDTkjkDry6ji0rUJjC0kzbNePLwzxq8iypo41qeWA=="
    },
    "node_modules/bech32": {
      "version": "2.0.0",
      "resolved": "https://registry.npmmirror.com/bech32/-/bech32-2.0.0.tgz",
      "integrity": "sha512-LcknSilhIGatDAsY1ak2I8VtGaHNhgMSYVxFrGLXv+xLHytaKZKcaUJJUE7qmBr7h33o5YQwP55pMI0xmkpJwg=="
    },
    "node_modules/big-integer": {
      "version": "1.6.36",
      "resolved": "https://registry.npmmirror.com/big-integer/-/big-integer-1.6.36.tgz",
      "integrity": "sha512-t70bfa7HYEA1D9idDbmuv7YbsbVkQ+Hp+8KFSul4aE5e/i1bjCNIRYJZlA8Q8p0r9T8cF/RVvwUgRA//FydEyg==",
      "engines": {
        "node": ">=0.6"
      }
    },
    "node_modules/blakejs": {
      "version": "1.2.1",
      "resolved": "https://registry.npmmirror.com/blakejs/-/blakejs-1.2.1.tgz",
      "integrity": "sha512-QXUSXI3QVc/gJME0dBpXrag1kbzOqCjCX8/b54ntNyW6sjtoqxqRk3LTmXzaJoh71zMsDCjM+47jS7XiwN/+fQ=="
    },
    "node_modules/bn.js": {
      "version": "4.12.0",
      "resolved": "https://registry.npmmirror.com/bn.js/-/bn.js-4.12.0.tgz",
      "integrity": "sha512-c98Bf3tPniI+scsdk237ku1Dc3ujXQTSgyiPUDEOe7tRkhrqridvh8klBv0HCEso1OLOYcHuCv/cS6DNxKH+ZA=="
    },
    "node_modules/bs58": {
      "version": "4.0.1",
      "resolved": "https://registry.npmmirror.com/bs58/-/bs58-4.0.1.tgz",
      "integrity": "sha512-Ok3Wdf5vOIlBrgCvTq96gBkJw+JUEzdBgyaza5HLtPm7yTHkjRy8+JzNyHF7BHa0bNWOQIp3m5YF0nnFcOIKLw==",
      "dependencies": {
        "base-x": "^3.0.2"
      }
    },
    "node_modules/buffer": {
      "version": "6.0.3",
      "resolved": "https://registry.npmmirror.com/buffer/-/buffer-6.0.3.tgz",
      "integrity": "sha512-FTiCpNxtwiZZHEZbcbTIcZjERVICn9yq/pDFkTl95/AxzD1naBctN7YO68riM/gLSDY7sdrMby8hofADYuuqOA==",
      "dependencies": {
        "base64-js": "^1.3.1",
        "ieee754": "^1.2.1"
      }
    },
    "node_modules/call-bind": {
      "version": "1.0.5",
      "resolved": "https://registry.npmmirror.com/call-bind/-/call-bind-1.0.5.tgz",
      "integrity": "sha512-C3nQxfFZxFRVoJoGKKI8y3MOEo129NQ+FgQ08iye+Mk4zNZZGdjfs06bVTr+DBSlA66Q2VEcMki/cUCP4SercQ==",
      "dependencies": {
        "function-bind": "^1.1.2",
        "get-intrinsic": "^1.2.1",
        "set-function-length": "^1.1.1"
      }
    },
    "node_modules/crc-32": {
      "version": "1.2.2",
      "resolved": "https://registry.npmmirror.com/crc-32/-/crc-32-1.2.2.tgz",
      "integrity": "sha512-ROmzCKrTnOwybPcJApAA6WBWij23HVfGVNKqqrZpuyZOHqK2CwHSvpGuyt/UNNvaIjEd8X5IFGp4Mh+Ie1IHJQ==",
      "bin": {
        "crc32": "bin/crc32.njs"
      },
      "engines": {
        "node": ">=0.8"
      }
    },
    "node_modules/cross-fetch": {
      "version": "4.0.0",
      "resolved": "https://registry.npmmirror.com/cross-fetch/-/cross-fetch-4.0.0.tgz",
      "integrity": "sha512-e4a5N8lVvuLgAWgnCrLr2PP0YyDOTHa9H/Rj54dirp61qXnNq46m82bRhNqIA5VccJtWBvPTFRV3TtvHUKPB1g==",
      "dependencies": {
        "node-fetch": "^2.6.12"
      }
    },
    "node_modules/crypto-addr-codec": {
      "version": "0.1.8",
      "resolved": "https://registry.npmmirror.com/crypto-addr-codec/-/crypto-addr-codec-0.1.8.tgz",
      "integrity": "sha512-GqAK90iLLgP3FvhNmHbpT3wR6dEdaM8hZyZtLX29SPardh3OA13RFLHDR6sntGCgRWOfiHqW6sIyohpNqOtV/g==",
      "dependencies": {
        "base-x": "^3.0.8",
        "big-integer": "1.6.36",
        "blakejs": "^1.1.0",
        "bs58": "^4.0.1",
        "ripemd160-min": "0.0.6",
        "safe-buffer": "^5.2.0",
        "sha3": "^2.1.1"
      }
    },
    "node_modules/crypto-js": {
      "version": "4.2.0",
      "resolved": "https://registry.npmmirror.com/crypto-js/-/crypto-js-4.2.0.tgz",
      "integrity": "sha512-KALDyEYgpY+Rlob/iriUtjV6d5Eq+Y191A5g4UqLAi8CyGP9N1+FdVbkc1SxKc2r4YAYqG8JzO2KGL+AizD70Q=="
    },
    "node_modules/debug": {
      "version": "4.3.5",
      "resolved": "https://registry.npmmirror.com/debug/-/debug-4.3.5.tgz",
      "integrity": "sha512-pt0bNEmneDIvdL1Xsd9oDQ/wrQRkXDT4AUWlNZNPKvW5x/jyO9VFXkJUP07vQ2upmw5PlaITaPKc31jK13V+jg==",
      "dependencies": {
        "ms": "2.1.2"
      },
      "engines": {
        "node": ">=6.0"
      },
      "peerDependenciesMeta": {
        "supports-color": {
          "optional": true
        }
      }
    },
    "node_modules/define-data-property": {
      "version": "1.1.1",
      "resolved": "https://registry.npmmirror.com/define-data-property/-/define-data-property-1.1.1.tgz",
      "integrity": "sha512-E7uGkTzkk1d0ByLeSc6ZsFS79Axg+m1P/VsgYsxHgiuc3tFSj+MjMIwe90FC4lOAZzNBdY7kkO2P2wKdsQ1vgQ==",
      "dependencies": {
        "get-intrinsic": "^1.2.1",
        "gopd": "^1.0.1",
        "has-property-descriptors": "^1.0.0"
      },
      "engines": {
        "node": ">= 0.4"
      }
    },
    "node_modules/ethereum-cryptography": {
      "version": "2.1.2",
      "resolved": "https://registry.npmmirror.com/ethereum-cryptography/-/ethereum-cryptography-2.1.2.tgz",
      "integrity": "sha512-Z5Ba0T0ImZ8fqXrJbpHcbpAvIswRte2wGNR/KePnu8GbbvgJ47lMxT/ZZPG6i9Jaht4azPDop4HaM00J0J59ug==",
      "dependencies": {
        "@noble/curves": "1.1.0",
        "@noble/hashes": "1.3.1",
        "@scure/bip32": "1.3.1",
        "@scure/bip39": "1.2.1"
      }
    },
    "node_modules/ethers": {
      "version": "6.9.2",
      "resolved": "https://registry.npmmirror.com/ethers/-/ethers-6.9.2.tgz",
      "integrity": "sha512-YpkrtILnMQz5jSEsJQRTpduaGT/CXuLnUIuOYzHA0v/7c8IX91m2J48wSKjzGL5L9J/Us3tLoUdb+OwE3U+FFQ==",
      "dependencies": {
        "@adraffy/ens-normalize": "1.10.0",
        "@noble/curves": "1.2.0",
        "@noble/hashes": "1.3.2",
        "@types/node": "18.15.13",
        "aes-js": "4.0.0-beta.5",
        "tslib": "2.4.0",
        "ws": "8.5.0"
      },
      "engines": {
        "node": ">=14.0.0"
      }
    },
    "node_modules/ethers/node_modules/@noble/curves": {
      "version": "1.2.0",
      "resolved": "https://registry.npmmirror.com/@noble/curves/-/curves-1.2.0.tgz",
      "integrity": "sha512-oYclrNgRaM9SsBUBVbb8M6DTV7ZHRTKugureoYEncY5c65HOmRzvSiTE3y5CYaPYJA/GVkrhXEoF0M3Ya9PMnw==",
      "dependencies": {
        "@noble/hashes": "1.3.2"
      }
    },
    "node_modules/ethers/node_modules/@noble/hashes": {
      "version": "1.3.2",
      "resolved": "https://registry.npmmirror.com/@noble/hashes/-/hashes-1.3.2.tgz",
      "integrity": "sha512-MVC8EAQp7MvEcm30KWENFjgR+Mkmf+D189XJTkFIlwohU5hcBbn1ZkKq7KVTi2Hme3PMGF390DaL52beVrIihQ==",
      "engines": {
        "node": ">= 16"
      }
    },
    "node_modules/ethers/node_modules/@types/node": {
      "version": "18.15.13",
      "resolved": "https://registry.npmmirror.com/@types/node/-/node-18.15.13.tgz",
      "integrity": "sha512-N+0kuo9KgrUQ1Sn/ifDXsvg0TTleP7rIy4zOBGECxAljqvqfqpTfzx0Q1NUedOixRMBfe2Whhb056a42cWs26Q=="
    },
    "node_modules/ethers/node_modules/ws": {
      "version": "8.5.0",
      "resolved": "https://registry.npmmirror.com/ws/-/ws-8.5.0.tgz",
      "integrity": "sha512-BWX0SWVgLPzYwF8lTzEy1egjhS4S4OEAHfsO8o65WOVsrnSRGaSiUaa9e0ggGlkMTtBlmOpEXiie9RUcBO86qg==",
      "engines": {
        "node": ">=10.0.0"
      },
      "peerDependencies": {
        "bufferutil": "^4.0.1",
        "utf-8-validate": "^5.0.2"
      },
      "peerDependenciesMeta": {
        "bufferutil": {
          "optional": true
        },
        "utf-8-validate": {
          "optional": true
        }
      }
    },
    "node_modules/for-each": {
      "version": "0.3.3",
      "resolved": "https://registry.npmmirror.com/for-each/-/for-each-0.3.3.tgz",
      "integrity": "sha512-jqYfLp7mo9vIyQf8ykW2v7A+2N4QjeCeI5+Dz9XraiO1ign81wjiH7Fb9vSOWvQfNtmSa4H2RoQTrrXivdUZmw==",
      "dependencies": {
        "is-callable": "^1.1.3"
      }
    },
    "node_modules/fs": {
      "version": "0.0.1-security",
      "resolved": "https://registry.npmmirror.com/fs/-/fs-0.0.1-security.tgz",
      "integrity": "sha512-3XY9e1pP0CVEUCdj5BmfIZxRBTSDycnbqhIOGec9QYtmVH2fbLpj86CFWkrNOkt/Fvty4KZG5lTglL9j/gJ87w=="
    },
    "node_modules/function-bind": {
      "version": "1.1.2",
      "resolved": "https://registry.npmmirror.com/function-bind/-/function-bind-1.1.2.tgz",
      "integrity": "sha512-7XHNxH7qX9xG5mIwxkhumTox/MIRNcOgDrxWsMt2pAr23WHp6MrRlN7FBSFpCpr+oVO0F744iUgR82nJMfG2SA=="
    },
    "node_modules/get-intrinsic": {
      "version": "1.2.2",
      "resolved": "https://registry.npmmirror.com/get-intrinsic/-/get-intrinsic-1.2.2.tgz",
      "integrity": "sha512-0gSo4ml/0j98Y3lngkFEot/zhiCeWsbYIlZ+uZOVgzLyLaUw7wxUL+nCTP0XJvJg1AXulJRI3UJi8GsbDuxdGA==",
      "dependencies": {
        "function-bind": "^1.1.2",
        "has-proto": "^1.0.1",
        "has-symbols": "^1.0.3",
        "hasown": "^2.0.0"
      }
    },
    "node_modules/gopd": {
      "version": "1.0.1",
      "resolved": "https://registry.npmmirror.com/gopd/-/gopd-1.0.1.tgz",
      "integrity": "sha512-d65bNlIadxvpb/A2abVdlqKqV563juRnZ1Wtk6s1sIR8uNsXR70xqIzVqxVf1eTqDunwT2MkczEeaezCKTZhwA==",
      "dependencies": {
        "get-intrinsic": "^1.1.3"
      }
    },
    "node_modules/has-property-descriptors": {
      "version": "1.0.1",
      "resolved": "https://registry.npmmirror.com/has-property-descriptors/-/has-property-descriptors-1.0.1.tgz",
      "integrity": "sha512-VsX8eaIewvas0xnvinAe9bw4WfIeODpGYikiWYLH+dma0Jw6KHYqWiWfhQlgOVK8D6PvjubK5Uc4P0iIhIcNVg==",
      "dependencies": {
        "get-intrinsic": "^1.2.2"
      }
    },
    "node_modules/has-proto": {
      "version": "1.0.1",
      "resolved": "https://registry.npmmirror.com/has-proto/-/has-proto-1.0.1.tgz",
      "integrity": "sha512-7qE+iP+O+bgF9clE5+UoBFzE65mlBiVj3tKCrlNQ0Ogwm0BjpT/gK4SlLYDMybDh5I3TCTKnPPa0oMG7JDYrhg==",
      "engines": {
        "node": ">= 0.4"
      }
    },
    "node_modules/has-symbols": {
      "version": "1.0.3",
      "resolved": "https://registry.npmmirror.com/has-symbols/-/has-symbols-1.0.3.tgz",
      "integrity": "sha512-l3LCuF6MgDNwTDKkdYGEihYjt5pRPbEg46rtlmnSPlUbgmB8LOIrKJbYYFBSbnPaJexMKtiPO8hmeRjRz2Td+A==",
      "engines": {
        "node": ">= 0.4"
      }
    },
    "node_modules/has-tostringtag": {
      "version": "1.0.0",
      "resolved": "https://registry.npmmirror.com/has-tostringtag/-/has-tostringtag-1.0.0.tgz",
      "integrity": "sha512-kFjcSNhnlGV1kyoGk7OXKSawH5JOb/LzUc5w9B02hOTO0dfFRjbHQKvg1d6cf3HbeUmtU9VbbV3qzZ2Teh97WQ==",
      "dependencies": {
        "has-symbols": "^1.0.2"
      },
      "engines": {
        "node": ">= 0.4"
      }
    },
    "node_modules/hash-base": {
      "version": "3.1.0",
      "resolved": "https://registry.npmmirror.com/hash-base/-/hash-base-3.1.0.tgz",
      "integrity": "sha512-1nmYp/rhMDiE7AYkDw+lLwlAzz0AntGIe51F3RfFfEqyQ3feY2eI/NcwC6umIQVOASPMsWJLJScWKSSvzL9IVA==",
      "dependencies": {
        "inherits": "^2.0.4",
        "readable-stream": "^3.6.0",
        "safe-buffer": "^5.2.0"
      },
      "engines": {
        "node": ">=4"
      }
    },
    "node_modules/hasown": {
      "version": "2.0.0",
      "resolved": "https://registry.npmmirror.com/hasown/-/hasown-2.0.0.tgz",
      "integrity": "sha512-vUptKVTpIJhcczKBbgnS+RtcuYMB8+oNzPK2/Hp3hanz8JmpATdmmgLgSaadVREkDm+e2giHwY3ZRkyjSIDDFA==",
      "dependencies": {
        "function-bind": "^1.1.2"
      },
      "engines": {
        "node": ">= 0.4"
      }
    },
    "node_modules/ieee754": {
      "version": "1.2.1",
      "resolved": "https://registry.npmmirror.com/ieee754/-/ieee754-1.2.1.tgz",
      "integrity": "sha512-dcyqhDvX1C46lXZcVqCpK+FtMRQVdIMN6/Df5js2zouUsqG7I6sFxitIC+7KYK29KdXOLHdu9zL4sFnoVQnqaA=="
    },
    "node_modules/inherits": {
      "version": "2.0.4",
      "resolved": "https://registry.npmmirror.com/inherits/-/inherits-2.0.4.tgz",
      "integrity": "sha512-k/vGaX4/Yla3WzyMCvTQOXYeIHvqOKtnqBduzTHpzpQZzAskKMhZ2K+EnBiSM9zGSoIFeMpXKxa4dYeZIQqewQ=="
    },
    "node_modules/is-arguments": {
      "version": "1.1.1",
      "resolved": "https://registry.npmmirror.com/is-arguments/-/is-arguments-1.1.1.tgz",
      "integrity": "sha512-8Q7EARjzEnKpt/PCD7e1cgUS0a6X8u5tdSiMqXhojOdoV9TsMsiO+9VLC5vAmO8N7/GmXn7yjR8qnA6bVAEzfA==",
      "dependencies": {
        "call-bind": "^1.0.2",
        "has-tostringtag": "^1.0.0"
      },
      "engines": {
        "node": ">= 0.4"
      }
    },
    "node_modules/is-callable": {
      "version": "1.2.7",
      "resolved": "https://registry.npmmirror.com/is-callable/-/is-callable-1.2.7.tgz",
      "integrity": "sha512-1BC0BVFhS/p0qtw6enp8e+8OD0UrK0oFLztSjNzhcKA3WDuJxxAPXzPuPtKkjEY9UUoEWlX/8fgKeu2S8i9JTA==",
      "engines": {
        "node": ">= 0.4"
      }
    },
    "node_modules/is-generator-function": {
      "version": "1.0.10",
      "resolved": "https://registry.npmmirror.com/is-generator-function/-/is-generator-function-1.0.10.tgz",
      "integrity": "sha512-jsEjy9l3yiXEQ+PsXdmBwEPcOxaXWLspKdplFUVI9vq1iZgIekeC0L167qeu86czQaxed3q/Uzuw0swL0irL8A==",
      "dependencies": {
        "has-tostringtag": "^1.0.0"
      },
      "engines": {
        "node": ">= 0.4"
      }
    },
    "node_modules/is-typed-array": {
      "version": "1.1.12",
      "resolved": "https://registry.npmmirror.com/is-typed-array/-/is-typed-array-1.1.12.tgz",
      "integrity": "sha512-Z14TF2JNG8Lss5/HMqt0//T9JeHXttXy5pH/DBU4vi98ozO2btxzq9MwYDZYnKwU8nRsz/+GVFVRDq3DkVuSPg==",
      "dependencies": {
        "which-typed-array": "^1.1.11"
      },
      "engines": {
        "node": ">= 0.4"
      }
    },
    "node_modules/isomorphic-ws": {
      "version": "5.0.0",
      "resolved": "https://registry.npmmirror.com/isomorphic-ws/-/isomorphic-ws-5.0.0.tgz",
      "integrity": "sha512-muId7Zzn9ywDsyXgTIafTry2sV3nySZeUDe6YedVd1Hvuuep5AsIlqK+XefWpYTyJG5e503F2xIuT2lcU6rCSw==",
      "peerDependencies": {
        "ws": "*"
      }
    },
    "node_modules/js-crc": {
      "version": "0.2.0",
      "resolved": "https://registry.npmmirror.com/js-crc/-/js-crc-0.2.0.tgz",
      "integrity": "sha512-8DdCSAOACpF8WDAjyDFBC2rj8OS4HUP9mNZBDfl8jCiPCnJG+2bkuycalxwZh6heFy6PrMvoWTp47lp6gzT65A=="
    },
    "node_modules/js-sha256": {
      "version": "0.9.0",
      "resolved": "https://registry.npmmirror.com/js-sha256/-/js-sha256-0.9.0.tgz",
      "integrity": "sha512-sga3MHh9sgQN2+pJ9VYZ+1LPwXOxuBJBA5nrR5/ofPfuiJBE2hnjsaN8se8JznOmGLN2p49Pe5U/ttafcs/apA=="
    },
    "node_modules/js-sha512": {
      "version": "0.8.0",
      "resolved": "https://registry.npmmirror.com/js-sha512/-/js-sha512-0.8.0.tgz",
      "integrity": "sha512-PWsmefG6Jkodqt+ePTvBZCSMFgN7Clckjd0O7su3I0+BW2QWUTJNzjktHsztGLhncP2h8mcF9V9Y2Ha59pAViQ=="
    },
    "node_modules/js-yaml": {
      "version": "4.1.0",
      "resolved": "https://registry.npmmirror.com/js-yaml/-/js-yaml-4.1.0.tgz",
      "integrity": "sha512-wpxZs9NoxZaJESJGIZTyDEaYpl0FKSA+FB9aJiyemKhMwkxQg63h4T1KJgUGHpTqPDNRcmmYLugrRjJlBtWvRA==",
      "dependencies": {
        "argparse": "^2.0.1"
      },
      "bin": {
        "js-yaml": "bin/js-yaml.js"
      }
    },
    "node_modules/ms": {
      "version": "2.1.2",
      "resolved": "https://registry.npmmirror.com/ms/-/ms-2.1.2.tgz",
      "integrity": "sha512-sGkPx+VjMtmA6MX27oA4FBFELFCZZ4S4XqeGOXCv68tT+jb3vk/RyaKWP0PTKyWtmLSM0b+adUTEvbs1PEaH2w=="
    },
    "node_modules/nano-base32": {
      "version": "1.0.1",
      "resolved": "https://registry.npmmirror.com/nano-base32/-/nano-base32-1.0.1.tgz",
      "integrity": "sha512-sxEtoTqAPdjWVGv71Q17koMFGsOMSiHsIFEvzOM7cNp8BXB4AnEwmDabm5dorusJf/v1z7QxaZYxUorU9RKaAw=="
    },
    "node_modules/node-fetch": {
      "version": "2.7.0",
      "resolved": "https://registry.npmmirror.com/node-fetch/-/node-fetch-2.7.0.tgz",
      "integrity": "sha512-c4FRfUm/dbcWZ7U+1Wq0AwCyFL+3nt2bEw05wfxSz+DWpWsitgmSgYmy2dQdWyKC1694ELPqMs/YzUSNozLt8A==",
      "dependencies": {
        "whatwg-url": "^5.0.0"
      },
      "engines": {
        "node": "4.x || >=6.0.0"
      },
      "peerDependencies": {
        "encoding": "^0.1.0"
      },
      "peerDependenciesMeta": {
        "encoding": {
          "optional": true
        }
      }
    },
    "node_modules/path": {
      "version": "0.12.7",
      "resolved": "https://registry.npmmirror.com/path/-/path-0.12.7.tgz",
      "integrity": "sha512-aXXC6s+1w7otVF9UletFkFcDsJeO7lSZBPUQhtb5O0xJe8LtYhj/GxldoL09bBj9+ZmE2hNoHqQSFMN5fikh4Q==",
      "dependencies": {
        "process": "^0.11.1",
        "util": "^0.10.3"
      }
    },
    "node_modules/path/node_modules/inherits": {
      "version": "2.0.3",
      "resolved": "https://registry.npmmirror.com/inherits/-/inherits-2.0.3.tgz",
      "integrity": "sha512-x00IRNXNy63jwGkJmzPigoySHbaqpNuzKbBOmzK+g2OdZpQ9w+sxCN+VSB3ja7IAge2OP2qpfxTjeNcyjmW1uw=="
    },
    "node_modules/path/node_modules/util": {
      "version": "0.10.4",
      "resolved": "https://registry.npmmirror.com/util/-/util-0.10.4.tgz",
      "integrity": "sha512-0Pm9hTQ3se5ll1XihRic3FDIku70C+iHUdT/W926rSgHV5QgXsYbKZN8MSC3tJtSkhuROzvsQjAaFENRXr+19A==",
      "dependencies": {
        "inherits": "2.0.3"
      }
    },
    "node_modules/process": {
      "version": "0.11.10",
      "resolved": "https://registry.npmmirror.com/process/-/process-0.11.10.tgz",
      "integrity": "sha512-cdGef/drWFoydD1JsMzuFf8100nZl+GT+yacc2bEced5f9Rjk4z+WtFUTBu9PhOi9j/jfmBPu0mMEY4wIdAF8A==",
      "engines": {
        "node": ">= 0.6.0"
      }
    },
    "node_modules/readable-stream": {
      "version": "3.6.2",
      "resolved": "https://registry.npmmirror.com/readable-stream/-/readable-stream-3.6.2.tgz",
      "integrity": "sha512-9u/sniCrY3D5WdsERHzHE4G2YCXqoG5FTHUiCC4SIbr6XcLZBY05ya9EKjYek9O5xOAwjGq+1JdGBAS7Q9ScoA==",
      "dependencies": {
        "inherits": "^2.0.3",
        "string_decoder": "^1.1.1",
        "util-deprecate": "^1.0.1"
      },
      "engines": {
        "node": ">= 6"
      }
    },
    "node_modules/ripemd160": {
      "version": "2.0.2",
      "resolved": "https://registry.npmmirror.com/ripemd160/-/ripemd160-2.0.2.tgz",
      "integrity": "sha512-ii4iagi25WusVoiC4B4lq7pbXfAp3D9v5CwfkY33vffw2+pkDjY1D8GaN7spsxvCSx8dkPqOZCEZyfxcmJG2IA==",
      "dependencies": {
        "hash-base": "^3.0.0",
        "inherits": "^2.0.1"
      }
    },
    "node_modules/ripemd160-min": {
      "version": "0.0.6",
      "resolved": "https://registry.npmmirror.com/ripemd160-min/-/ripemd160-min-0.0.6.tgz",
      "integrity": "sha512-+GcJgQivhs6S9qvLogusiTcS9kQUfgR75whKuy5jIhuiOfQuJ8fjqxV6EGD5duH1Y/FawFUMtMhyeq3Fbnib8A==",
      "engines": {
        "node": ">=8"
      }
    },
    "node_modules/safe-buffer": {
      "version": "5.2.1",
      "resolved": "https://registry.npmmirror.com/safe-buffer/-/safe-buffer-5.2.1.tgz",
      "integrity": "sha512-rp3So07KcdmmKbGvgaNxQSJr7bGVSVk5S9Eq1F+ppbRo70+YeaDxkw5Dd8NPN+GD6bjnYm2VuPuCXmpuYvmCXQ=="
    },
    "node_modules/set-function-length": {
      "version": "1.1.1",
      "resolved": "https://registry.npmmirror.com/set-function-length/-/set-function-length-1.1.1.tgz",
      "integrity": "sha512-VoaqjbBJKiWtg4yRcKBQ7g7wnGnLV3M8oLvVWwOk2PdYY6PEFegR1vezXR0tw6fZGF9csVakIRjrJiy2veSBFQ==",
      "dependencies": {
        "define-data-property": "^1.1.1",
        "get-intrinsic": "^1.2.1",
        "gopd": "^1.0.1",
        "has-property-descriptors": "^1.0.0"
      },
      "engines": {
        "node": ">= 0.4"
      }
    },
    "node_modules/setimmediate": {
      "version": "1.0.5",
      "resolved": "https://registry.npmmirror.com/setimmediate/-/setimmediate-1.0.5.tgz",
      "integrity": "sha512-MATJdZp8sLqDl/68LfQmbP8zKPLQNV6BIZoIgrscFDQ+RsvK/BxeDQOgyxKKoh0y/8h3BqVFnCqQ/gd+reiIXA=="
    },
    "node_modules/sha3": {
      "version": "2.1.4",
      "resolved": "https://registry.npmmirror.com/sha3/-/sha3-2.1.4.tgz",
      "integrity": "sha512-S8cNxbyb0UGUM2VhRD4Poe5N58gJnJsLJ5vC7FYWGUmGhcsj4++WaIOBFVDxlG0W3To6xBuiRh+i0Qp2oNCOtg==",
      "dependencies": {
        "buffer": "6.0.3"
      }
    },
    "node_modules/simple-git": {
      "version": "3.25.0",
      "resolved": "https://registry.npmmirror.com/simple-git/-/simple-git-3.25.0.tgz",
      "integrity": "sha512-KIY5sBnzc4yEcJXW7Tdv4viEz8KyG+nU0hay+DWZasvdFOYKeUZ6Xc25LUHHjw0tinPT7O1eY6pzX7pRT1K8rw==",
      "dependencies": {
        "@kwsites/file-exists": "^1.1.1",
        "@kwsites/promise-deferred": "^1.1.1",
        "debug": "^4.3.5"
      },
      "funding": {
        "type": "github",
        "url": "https://github.com/steveukx/git-js?sponsor=1"
      }
    },
    "node_modules/string_decoder": {
      "version": "1.3.0",
      "resolved": "https://registry.npmmirror.com/string_decoder/-/string_decoder-1.3.0.tgz",
      "integrity": "sha512-hkRX8U1WjJFd8LsDJ2yQ/wWWxaopEsABU1XfkM8A+j0+85JAGppt16cr1Whg6KIbb4okU6Mql6BOj+uup/wKeA==",
      "dependencies": {
        "safe-buffer": "~5.2.0"
      }
    },
    "node_modules/tr46": {
      "version": "0.0.3",
      "resolved": "https://registry.npmmirror.com/tr46/-/tr46-0.0.3.tgz",
      "integrity": "sha512-N3WMsuqV66lT30CrXNbEjx4GEwlow3v6rr4mCcv6prnfwhS01rkgyFdjPNBYd9br7LpXV1+Emh01fHnq2Gdgrw=="
    },
    "node_modules/tslib": {
      "version": "2.4.0",
      "resolved": "https://registry.npmmirror.com/tslib/-/tslib-2.4.0.tgz",
      "integrity": "sha512-d6xOpEDfsi2CZVlPQzGeux8XMwLT9hssAsaPYExaQMuYskwb+x1x7J371tWlbBdWHroy99KnVB6qIkUbs5X3UQ=="
    },
    "node_modules/typescript": {
      "version": "5.3.3",
      "resolved": "https://registry.npmmirror.com/typescript/-/typescript-5.3.3.tgz",
      "integrity": "sha512-pXWcraxM0uxAS+tN0AG/BF2TyqmHO014Z070UsJ+pFvYuRSq8KH8DmWpnbXe0pEPDHXZV3FcAbJkijJ5oNEnWw==",
      "peer": true,
      "bin": {
        "tsc": "bin/tsc",
        "tsserver": "bin/tsserver"
      },
      "engines": {
        "node": ">=14.17"
      }
    },
    "node_modules/undici-types": {
      "version": "5.26.5",
      "resolved": "https://registry.npmmirror.com/undici-types/-/undici-types-5.26.5.tgz",
      "integrity": "sha512-JlCMO+ehdEIKqlFxk6IfVoAUVmgz7cU7zD/h9XZ0qzeosSHmUJVOzSQvvYSYWXkFXC+IfLKSIffhv0sVZup6pA=="
    },
    "node_modules/util": {
      "version": "0.12.5",
      "resolved": "https://registry.npmmirror.com/util/-/util-0.12.5.tgz",
      "integrity": "sha512-kZf/K6hEIrWHI6XqOFUiiMa+79wE/D8Q+NCNAWclkyg3b4d2k7s0QGepNjiABc+aR3N1PAyHL7p6UcLY6LmrnA==",
      "dependencies": {
        "inherits": "^2.0.3",
        "is-arguments": "^1.0.4",
        "is-generator-function": "^1.0.7",
        "is-typed-array": "^1.1.3",
        "which-typed-array": "^1.1.2"
      }
    },
    "node_modules/util-deprecate": {
      "version": "1.0.2",
      "resolved": "https://registry.npmmirror.com/util-deprecate/-/util-deprecate-1.0.2.tgz",
      "integrity": "sha512-EPD5q1uXyFxJpCrLnCc1nHnq3gOa6DZBocAIiI2TaSCA7VCJ1UJDMagCzIkXNsUYfD1daK//LTEQ8xiIbrHtcw=="
    },
    "node_modules/web3": {
      "version": "4.3.0",
      "resolved": "https://registry.npmmirror.com/web3/-/web3-4.3.0.tgz",
      "integrity": "sha512-YiLCsb5wmgJlSxRLzt7Z7H+CmlVVIKD8VaUQaZ+xKVG3Q7CpsO5Z6jmeKnlr6M9c6fDDsDnRM6G8g+nchZehbA==",
      "dependencies": {
        "web3-core": "^4.3.2",
        "web3-errors": "^1.1.4",
        "web3-eth": "^4.3.1",
        "web3-eth-abi": "^4.1.4",
        "web3-eth-accounts": "^4.1.0",
        "web3-eth-contract": "^4.1.4",
        "web3-eth-ens": "^4.0.8",
        "web3-eth-iban": "^4.0.7",
        "web3-eth-personal": "^4.0.8",
        "web3-net": "^4.0.7",
        "web3-providers-http": "^4.1.0",
        "web3-providers-ws": "^4.0.7",
        "web3-rpc-methods": "^1.1.4",
        "web3-types": "^1.3.1",
        "web3-utils": "^4.1.0",
        "web3-validator": "^2.0.3"
      },
      "engines": {
        "node": ">=14.0.0",
        "npm": ">=6.12.0"
      }
    },
    "node_modules/web3-core": {
      "version": "4.3.2",
      "resolved": "https://registry.npmmirror.com/web3-core/-/web3-core-4.3.2.tgz",
      "integrity": "sha512-uIMVd/j4BgOnwfpY8ZT+QKubOyM4xohEhFZXz9xB8wimXWMMlYVlIK/TbfHqFolS9uOerdSGhsMbcK9lETae8g==",
      "dependencies": {
        "web3-errors": "^1.1.4",
        "web3-eth-accounts": "^4.1.0",
        "web3-eth-iban": "^4.0.7",
        "web3-providers-http": "^4.1.0",
        "web3-providers-ws": "^4.0.7",
        "web3-types": "^1.3.1",
        "web3-utils": "^4.1.0",
        "web3-validator": "^2.0.3"
      },
      "engines": {
        "node": ">=14",
        "npm": ">=6.12.0"
      },
      "optionalDependencies": {
        "web3-providers-ipc": "^4.0.7"
      }
    },
    "node_modules/web3-errors": {
      "version": "1.1.4",
      "resolved": "https://registry.npmmirror.com/web3-errors/-/web3-errors-1.1.4.tgz",
      "integrity": "sha512-WahtszSqILez+83AxGecVroyZsMuuRT+KmQp4Si5P4Rnqbczno1k748PCrZTS1J4UCPmXMG2/Vt+0Bz2zwXkwQ==",
      "dependencies": {
        "web3-types": "^1.3.1"
      },
      "engines": {
        "node": ">=14",
        "npm": ">=6.12.0"
      }
    },
    "node_modules/web3-eth": {
      "version": "4.3.1",
      "resolved": "https://registry.npmmirror.com/web3-eth/-/web3-eth-4.3.1.tgz",
      "integrity": "sha512-zJir3GOXooHQT85JB8SrufE+Voo5TtXdjhf1D8IGXmxM8MrhI8AT+Pgt4siBTupJcu5hF17iGmTP/Nj2XnaibQ==",
      "dependencies": {
        "setimmediate": "^1.0.5",
        "web3-core": "^4.3.0",
        "web3-errors": "^1.1.3",
        "web3-eth-abi": "^4.1.4",
        "web3-eth-accounts": "^4.1.0",
        "web3-net": "^4.0.7",
        "web3-providers-ws": "^4.0.7",
        "web3-rpc-methods": "^1.1.3",
        "web3-types": "^1.3.0",
        "web3-utils": "^4.0.7",
        "web3-validator": "^2.0.3"
      },
      "engines": {
        "node": ">=14",
        "npm": ">=6.12.0"
      }
    },
    "node_modules/web3-eth-abi": {
      "version": "4.1.4",
      "resolved": "https://registry.npmmirror.com/web3-eth-abi/-/web3-eth-abi-4.1.4.tgz",
      "integrity": "sha512-YLOBVVxxxLYKXjaiwZjEWYEnkMmmrm0nswZsvzSsINy/UgbWbzfoiZU+zn4YNWIEhORhx1p37iS3u/dP6VyC2w==",
      "dependencies": {
        "abitype": "0.7.1",
        "web3-errors": "^1.1.3",
        "web3-types": "^1.3.0",
        "web3-utils": "^4.0.7",
        "web3-validator": "^2.0.3"
      },
      "engines": {
        "node": ">=14",
        "npm": ">=6.12.0"
      }
    },
    "node_modules/web3-eth-accounts": {
      "version": "4.1.0",
      "resolved": "https://registry.npmmirror.com/web3-eth-accounts/-/web3-eth-accounts-4.1.0.tgz",
      "integrity": "sha512-UFtAsOANsvihTQ6SSvOKguupmQkResyR9M9JNuOxYpKh7+3W+sTnbLXw2UbOSYIsKlc1mpqqW9bVr1SjqHDpUQ==",
      "dependencies": {
        "@ethereumjs/rlp": "^4.0.1",
        "crc-32": "^1.2.2",
        "ethereum-cryptography": "^2.0.0",
        "web3-errors": "^1.1.3",
        "web3-types": "^1.3.0",
        "web3-utils": "^4.0.7",
        "web3-validator": "^2.0.3"
      },
      "engines": {
        "node": ">=14",
        "npm": ">=6.12.0"
      }
    },
    "node_modules/web3-eth-contract": {
      "version": "4.1.4",
      "resolved": "https://registry.npmmirror.com/web3-eth-contract/-/web3-eth-contract-4.1.4.tgz",
      "integrity": "sha512-tJ4z6QLgtu8EQu2sXnLA7g427oxmngnbAUh+9kJKbP6Yep/oe+z79PqJv7H3MwqwUNW9T+/FeB2PnSQSyxz6ig==",
      "dependencies": {
        "web3-core": "^4.3.2",
        "web3-errors": "^1.1.4",
        "web3-eth": "^4.3.1",
        "web3-eth-abi": "^4.1.4",
        "web3-types": "^1.3.1",
        "web3-utils": "^4.1.0",
        "web3-validator": "^2.0.3"
      },
      "engines": {
        "node": ">=14",
        "npm": ">=6.12.0"
      }
    },
    "node_modules/web3-eth-ens": {
      "version": "4.0.8",
      "resolved": "https://registry.npmmirror.com/web3-eth-ens/-/web3-eth-ens-4.0.8.tgz",
      "integrity": "sha512-nj0JfeD45BbzVJcVYpUJnSo8iwDcY9CQ7CZhhIVVOFjvpMAPw0zEwjTvZEIQyCW61OoDG9xcBzwxe2tZoYhMRw==",
      "dependencies": {
        "@adraffy/ens-normalize": "^1.8.8",
        "web3-core": "^4.3.0",
        "web3-errors": "^1.1.3",
        "web3-eth": "^4.3.1",
        "web3-eth-contract": "^4.1.2",
        "web3-net": "^4.0.7",
        "web3-types": "^1.3.0",
        "web3-utils": "^4.0.7",
        "web3-validator": "^2.0.3"
      },
      "engines": {
        "node": ">=14",
        "npm": ">=6.12.0"
      }
    },
    "node_modules/web3-eth-iban": {
      "version": "4.0.7",
      "resolved": "https://registry.npmmirror.com/web3-eth-iban/-/web3-eth-iban-4.0.7.tgz",
      "integrity": "sha512-8weKLa9KuKRzibC87vNLdkinpUE30gn0IGY027F8doeJdcPUfsa4IlBgNC4k4HLBembBB2CTU0Kr/HAOqMeYVQ==",
      "dependencies": {
        "web3-errors": "^1.1.3",
        "web3-types": "^1.3.0",
        "web3-utils": "^4.0.7",
        "web3-validator": "^2.0.3"
      },
      "engines": {
        "node": ">=14",
        "npm": ">=6.12.0"
      }
    },
    "node_modules/web3-eth-personal": {
      "version": "4.0.8",
      "resolved": "https://registry.npmmirror.com/web3-eth-personal/-/web3-eth-personal-4.0.8.tgz",
      "integrity": "sha512-sXeyLKJ7ddQdMxz1BZkAwImjqh7OmKxhXoBNF3isDmD4QDpMIwv/t237S3q4Z0sZQamPa/pHebJRWVuvP8jZdw==",
      "dependencies": {
        "web3-core": "^4.3.0",
        "web3-eth": "^4.3.1",
        "web3-rpc-methods": "^1.1.3",
        "web3-types": "^1.3.0",
        "web3-utils": "^4.0.7",
        "web3-validator": "^2.0.3"
      },
      "engines": {
        "node": ">=14",
        "npm": ">=6.12.0"
      }
    },
    "node_modules/web3-net": {
      "version": "4.0.7",
      "resolved": "https://registry.npmmirror.com/web3-net/-/web3-net-4.0.7.tgz",
      "integrity": "sha512-SzEaXFrBjY25iQGk5myaOfO9ZyfTwQEa4l4Ps4HDNVMibgZji3WPzpjq8zomVHMwi8bRp6VV7YS71eEsX7zLow==",
      "dependencies": {
        "web3-core": "^4.3.0",
        "web3-rpc-methods": "^1.1.3",
        "web3-types": "^1.3.0",
        "web3-utils": "^4.0.7"
      },
      "engines": {
        "node": ">=14",
        "npm": ">=6.12.0"
      }
    },
    "node_modules/web3-providers-http": {
      "version": "4.1.0",
      "resolved": "https://registry.npmmirror.com/web3-providers-http/-/web3-providers-http-4.1.0.tgz",
      "integrity": "sha512-6qRUGAhJfVQM41E5t+re5IHYmb5hSaLc02BE2MaRQsz2xKA6RjmHpOA5h/+ojJxEpI9NI2CrfDKOAgtJfoUJQg==",
      "dependencies": {
        "cross-fetch": "^4.0.0",
        "web3-errors": "^1.1.3",
        "web3-types": "^1.3.0",
        "web3-utils": "^4.0.7"
      },
      "engines": {
        "node": ">=14",
        "npm": ">=6.12.0"
      }
    },
    "node_modules/web3-providers-ipc": {
      "version": "4.0.7",
      "resolved": "https://registry.npmmirror.com/web3-providers-ipc/-/web3-providers-ipc-4.0.7.tgz",
      "integrity": "sha512-YbNqY4zUvIaK2MHr1lQFE53/8t/ejHtJchrWn9zVbFMGXlTsOAbNoIoZWROrg1v+hCBvT2c9z8xt7e/+uz5p1g==",
      "optional": true,
      "dependencies": {
        "web3-errors": "^1.1.3",
        "web3-types": "^1.3.0",
        "web3-utils": "^4.0.7"
      },
      "engines": {
        "node": ">=14",
        "npm": ">=6.12.0"
      }
    },
    "node_modules/web3-providers-ws": {
      "version": "4.0.7",
      "resolved": "https://registry.npmmirror.com/web3-providers-ws/-/web3-providers-ws-4.0.7.tgz",
      "integrity": "sha512-n4Dal9/rQWjS7d6LjyEPM2R458V8blRm0eLJupDEJOOIBhGYlxw5/4FthZZ/cqB7y/sLVi7K09DdYx2MeRtU5w==",
      "dependencies": {
        "@types/ws": "8.5.3",
        "isomorphic-ws": "^5.0.0",
        "web3-errors": "^1.1.3",
        "web3-types": "^1.3.0",
        "web3-utils": "^4.0.7",
        "ws": "^8.8.1"
      },
      "engines": {
        "node": ">=14",
        "npm": ">=6.12.0"
      }
    },
    "node_modules/web3-rpc-methods": {
      "version": "1.1.4",
      "resolved": "https://registry.npmmirror.com/web3-rpc-methods/-/web3-rpc-methods-1.1.4.tgz",
      "integrity": "sha512-LTFNg4LFaeU8K9ecuT8fHDp/LOXyxCneeZjCrRYIW1u82Ly52SrY55FIzMIISGoG/iT5Wh7UiHOB3CQsWLBmbQ==",
      "dependencies": {
        "web3-core": "^4.3.2",
        "web3-types": "^1.3.1",
        "web3-validator": "^2.0.3"
      },
      "engines": {
        "node": ">=14",
        "npm": ">=6.12.0"
      }
    },
    "node_modules/web3-types": {
      "version": "1.3.1",
      "resolved": "https://registry.npmmirror.com/web3-types/-/web3-types-1.3.1.tgz",
      "integrity": "sha512-8fXi7h/t95VKRtgU4sxprLPZpsTh3jYDfSghshIDBgUD/OoGe5S+syP24SUzBZYllZ/L+hMr2gdp/0bGJa8pYQ==",
      "engines": {
        "node": ">=14",
        "npm": ">=6.12.0"
      }
    },
    "node_modules/web3-utils": {
      "version": "4.1.0",
      "resolved": "https://registry.npmmirror.com/web3-utils/-/web3-utils-4.1.0.tgz",
      "integrity": "sha512-+VJWR6FtCsgwuJr5tvSvQlSEG06586df8h2CxGc9tcNtIDyJKNkSDDWJkdNPvyDhhXFzQYFh8QOGymD1CIP6fw==",
      "dependencies": {
        "ethereum-cryptography": "^2.0.0",
        "web3-errors": "^1.1.4",
        "web3-types": "^1.3.1",
        "web3-validator": "^2.0.3"
      },
      "engines": {
        "node": ">=14",
        "npm": ">=6.12.0"
      }
    },
    "node_modules/web3-validator": {
      "version": "2.0.3",
      "resolved": "https://registry.npmmirror.com/web3-validator/-/web3-validator-2.0.3.tgz",
      "integrity": "sha512-fJbAQh+9LSNWy+l5Ze6HABreml8fra98o5+vS073T35jUcLbRZ0IOjF/ZPJhJNbJDt+jP1vseZsc3z3uX9mxxQ==",
      "dependencies": {
        "ethereum-cryptography": "^2.0.0",
        "util": "^0.12.5",
        "web3-errors": "^1.1.3",
        "web3-types": "^1.3.0",
        "zod": "^3.21.4"
      },
      "engines": {
        "node": ">=14",
        "npm": ">=6.12.0"
      }
    },
    "node_modules/webidl-conversions": {
      "version": "3.0.1",
      "resolved": "https://registry.npmmirror.com/webidl-conversions/-/webidl-conversions-3.0.1.tgz",
      "integrity": "sha512-2JAn3z8AR6rjK8Sm8orRC0h/bcl/DqL7tRPdGZ4I1CjdF+EaMLmYxBHyXuKL849eucPFhvBoxMsflfOb8kxaeQ=="
    },
    "node_modules/whatwg-url": {
      "version": "5.0.0",
      "resolved": "https://registry.npmmirror.com/whatwg-url/-/whatwg-url-5.0.0.tgz",
      "integrity": "sha512-saE57nupxk6v3HY35+jzBwYa0rKSy0XR8JSxZPwgLr7ys0IBzhGviA1/TUGJLmSVqs8pb9AnvICXEuOHLprYTw==",
      "dependencies": {
        "tr46": "~0.0.3",
        "webidl-conversions": "^3.0.0"
      }
    },
    "node_modules/which-typed-array": {
      "version": "1.1.13",
      "resolved": "https://registry.npmmirror.com/which-typed-array/-/which-typed-array-1.1.13.tgz",
      "integrity": "sha512-P5Nra0qjSncduVPEAr7xhoF5guty49ArDTwzJ/yNuPIbZppyRxFQsRCWrocxIY+CnMVG+qfbU2FmDKyvSGClow==",
      "dependencies": {
        "available-typed-arrays": "^1.0.5",
        "call-bind": "^1.0.4",
        "for-each": "^0.3.3",
        "gopd": "^1.0.1",
        "has-tostringtag": "^1.0.0"
      },
      "engines": {
        "node": ">= 0.4"
      }
    },
    "node_modules/ws": {
      "version": "8.16.0",
      "resolved": "https://registry.npmmirror.com/ws/-/ws-8.16.0.tgz",
      "integrity": "sha512-HS0c//TP7Ina87TfiPUz1rQzMhHrl/SG2guqRcTOIUYD2q8uhUdNHZYJUaQ8aTGPzCh+c6oawMKW35nFl1dxyQ==",
      "engines": {
        "node": ">=10.0.0"
      },
      "peerDependencies": {
        "bufferutil": "^4.0.1",
        "utf-8-validate": ">=5.0.2"
      },
      "peerDependenciesMeta": {
        "bufferutil": {
          "optional": true
        },
        "utf-8-validate": {
          "optional": true
        }
      }
    },
    "node_modules/zod": {
      "version": "3.22.4",
      "resolved": "https://registry.npmmirror.com/zod/-/zod-3.22.4.tgz",
      "integrity": "sha512-iC+8Io04lddc+mVqQ9AZ7OQ2MrUKGN+oIQyq1vemgt46jwCwLfhq7/pwnBnNXXXZb8VTVLKwp9EDkx+ryxIWmg=="
    }
  }
}
